<Solution>
  <Folder Name="/benchmarks/">
    <!-- <Project Path="benchmarks/timewarp-nuru-benchmarks/timewarp-nuru-benchmarks.csproj" /> -->
  </Folder>
  <Folder Name="/samples/">
    <!-- <Project Path="samples/timewarp-nuru-sample/timewarp-nuru-sample.csproj" /> -->
  </Folder>
  <Folder Name="/source/">
    <Project Path="source/timewarp-nuru/timewarp-nuru.csproj" />
    <Project Path="source/timewarp-nuru-analyzers/timewarp-nuru-analyzers.csproj" />
    <Project Path="source/timewarp-nuru-build/timewarp-nuru-build.csproj" />
    <Project Path="source/timewarp-nuru-mcp/timewarp-nuru-mcp.csproj" />
    <Project Path="source/timewarp-nuru-parsing/timewarp-nuru-parsing.csproj" />
    <!-- <Project Path="source/timewarp-nuru-repl/timewarp-nuru-repl.csproj" /> -->
  </Folder>
  <Folder Name="/tests/">
    <!-- Commented out: intentionally has unreachable route errors for testing analyzer diagnostics -->
    <!-- <Project Path="tests/test-apps/timewarp-nuru-testapp-delegates/timewarp-nuru-testapp-delegates.csproj" /> -->
  </Folder>
</Solution>
