<Solution>
  <Folder Name="/benchmarks/">
    <Project Path="benchmarks/timewarp-nuru-benchmarks/timewarp-nuru-benchmarks.csproj" />
  </Folder>
  <Folder Name="/samples/">
    <Project Path="samples/timewarp-nuru-sample/timewarp-nuru-sample.csproj" />
  </Folder>
  <Folder Name="/source/">
    <Project Path="source/timewarp-nuru/timewarp-nuru.csproj" />
    <Project Path="source/timewarp-nuru-core/timewarp-nuru-core.csproj" />
    <Project Path="source/timewarp-nuru-analyzers/timewarp-nuru-analyzers.csproj" />
    <Project Path="source/timewarp-nuru-completion/timewarp-nuru-completion.csproj" />
    <Project Path="source/timewarp-nuru-logging/timewarp-nuru-logging.csproj" />
    <Project Path="source/timewarp-nuru-mcp/timewarp-nuru-mcp.csproj" />
    <Project Path="source/timewarp-nuru-parsing/timewarp-nuru-parsing.csproj" />
    <Project Path="source/timewarp-nuru-repl/timewarp-nuru-repl.csproj" />
    <Project Path="source/timewarp-nuru-telemetry/timewarp-nuru-telemetry.csproj" />
  </Folder>
  <Folder Name="/tests/">
    <Project Path="tests/test-apps/timewarp-nuru-testapp-delegates/timewarp-nuru-testapp-delegates.csproj" />
    <Project Path="tests/test-apps/timewarp-nuru-testapp-mediator/timewarp-nuru-testapp-mediator.csproj" />
  </Folder>
</Solution>
